Microsoft Visual Studio Solution File, Format Version 12.00
# Visual Studio Version 17
VisualStudioVersion = 17.5.2.0
MinimumVisualStudioVersion = 10.0.40219.1
Project("{FAE04EC0-301F-11D3-BF4B-00C04F79EFBC}") = "sample_code", "sample_code\sample_code.csproj", "{C06C2E18-36A2-B2ED-A764-675743A6EE1D}"
EndProject
Global
	GlobalSection(SolutionConfigurationPlatforms) = preSolution
		Debug|Any CPU = Debug|Any CPU
		Release|Any CPU = Release|Any CPU
	EndGlobalSection
	GlobalSection(ProjectConfigurationPlatforms) = postSolution
		{C06C2E18-36A2-B2ED-A764-675743A6EE1D}.Debug|Any CPU.ActiveCfg = Debug|Any CPU
		{C06C2E18-36A2-B2ED-A764-675743A6EE1D}.Debug|Any CPU.Build.0 = Debug|Any CPU
		{C06C2E18-36A2-B2ED-A764-675743A6EE1D}.Release|Any CPU.ActiveCfg = Release|Any CPU
		{C06C2E18-36A2-B2ED-A764-675743A6EE1D}.Release|Any CPU.Build.0 = Release|Any CPU
	EndGlobalSection
	GlobalSection(SolutionProperties) = preSolution
		HideSolutionNode = FALSE
	EndGlobalSection
	GlobalSection(ExtensibilityGlobals) = postSolution
		SolutionGuid = {810B042A-74D7-48C8-80E3-5701EBC4B916}
	EndGlobalSection
EndGlobal
